
Microsoft Visual Studio Solution File, Format Version 12.00
# Visual Studio Version 16
VisualStudioVersion = 16.0.31019.35
MinimumVisualStudioVersion = 10.0.40219.1
Project("{FAE04EC0-301F-11D3-BF4B-00C04F79EFBC}") = "teste1", "teste1\teste1.csproj", "{F5A9DBA0-66E8-41D9-8597-4F6D91B7DAC8}"
EndProject
Global
	GlobalSection(SolutionConfigurationPlatforms) = preSolution
		Debug|Any CPU = Debug|Any CPU
		Release|Any CPU = Release|Any CPU
	EndGlobalSection
	GlobalSection(ProjectConfigurationPlatforms) = postSolution
		{F5A9DBA0-66E8-41D9-8597-4F6D91B7DAC8}.Debug|Any CPU.ActiveCfg = Debug|Any CPU
		{F5A9DBA0-66E8-41D9-8597-4F6D91B7DAC8}.Debug|Any CPU.Build.0 = Debug|Any CPU
		{F5A9DBA0-66E8-41D9-8597-4F6D91B7DAC8}.Release|Any CPU.ActiveCfg = Release|Any CPU
		{F5A9DBA0-66E8-41D9-8597-4F6D91B7DAC8}.Release|Any CPU.Build.0 = Release|Any CPU
	EndGlobalSection
	GlobalSection(SolutionProperties) = preSolution
		HideSolutionNode = FALSE
	EndGlobalSection
	GlobalSection(ExtensibilityGlobals) = postSolution
		SolutionGuid = {0E4F1846-8C78-47DC-94E9-771A75CDF126}
	EndGlobalSection
EndGlobal
